{
  "name": "resume-kit-2",
  "lockfileVersion": 3,
  "requires": true,
  "packages": {
    "": {
      "dependencies": {
        "straight-jacket": "^0.1.9"
      }
    },
    "node_modules/straight-jacket": {
      "version": "0.1.9",
      "resolved": "https://registry.npmjs.org/straight-jacket/-/straight-jacket-0.1.9.tgz",
      "integrity": "sha512-ODXdogtYglUk5LbMUy32422l97OGYfeWbzrR4aykD+im5jo8rPvrnbm/JGRAH/DeWnZtE4VLre6A1gk8c7cnjw==",
      "license": "MIT",
      "dependencies": {
        "straight-jacket": "^0.1.5"
      },
      "bin": {
        "straight-jacket": "bin/straight-jacket.mjs",
        "straight-jacket-mcp": "bin/straight-jacket-mcp.mjs"
      },
      "engines": {
        "node": ">=20.20.0"
      }
    }
  }
}
